// !$*UTF8*$!
{
	archiveVersion = 1;
	classes = {
	};
	objectVersion = 56;
	objects = {

/* Begin PBXBuildFile section */
		66649A902C2EFD930062058E /* WidgetKit.framework in Frameworks */ = {isa = PBXBuildFile; fileRef = 66649A8F2C2EFD930062058E /* WidgetKit.framework */; };
		66649A922C2EFD930062058E /* SwiftUI.framework in Frameworks */ = {isa = PBXBuildFile; fileRef = 66649A912C2EFD930062058E /* SwiftUI.framework */; };
		66649A952C2EFD930062058E /* MyGameWidgetBundle.swift in Sources */ = {isa = PBXBuildFile; fileRef = 66649A942C2EFD930062058E /* MyGameWidgetBundle.swift */; };
		66649A972C2EFD930062058E /* MyGameLiveActivity.swift in Sources */ = {isa = PBXBuildFile; fileRef = 66649A962C2EFD930062058E /* MyGameLiveActivity.swift */; };
		66649A992C2EFD930062058E /* MyGameWidget.swift in Sources */ = {isa = PBXBuildFile; fileRef = 66649A982C2EFD930062058E /* MyGameWidget.swift */; };
		66649A9B2C2EFD940062058E /* Assets.xcassets in Resources */ = {isa = PBXBuildFile; fileRef = 66649A9A2C2EFD940062058E /* Assets.xcassets */; };
		66649A9F2C2EFD940062058E /* MyGameWidgetExtension.appex in Embed Foundation Extensions */ = {isa = PBXBuildFile; fileRef = 66649A8D2C2EFD930062058E /* MyGameWidgetExtension.appex */; settings = {ATTRIBUTES = (RemoveHeadersOnCopy, ); }; };
		66649AA42C2F0F420062058E /* GameState.swift in Sources */ = {isa = PBXBuildFile; fileRef = 66AA868E2C2DE24100739536 /* GameState.swift */; };
		66649AA62C2F11DA0062058E /* LiveActivityView.swift in Sources */ = {isa = PBXBuildFile; fileRef = 66649AA52C2F11DA0062058E /* LiveActivityView.swift */; };
		66649AA92C2F17E80062058E /* Image+Ext.swift in Sources */ = {isa = PBXBuildFile; fileRef = 66AA86952C2DE29E00739536 /* Image+Ext.swift */; };
		66AA867C2C2DE1D900739536 /* MyBasketballSimApp.swift in Sources */ = {isa = PBXBuildFile; fileRef = 66AA867B2C2DE1D900739536 /* MyBasketballSimApp.swift */; };
		66AA867E2C2DE1D900739536 /* GameView.swift in Sources */ = {isa = PBXBuildFile; fileRef = 66AA867D2C2DE1D900739536 /* GameView.swift */; };
		66AA86802C2DE1DA00739536 /* Assets.xcassets in Resources */ = {isa = PBXBuildFile; fileRef = 66AA867F2C2DE1DA00739536 /* Assets.xcassets */; };
		66AA86832C2DE1DA00739536 /* Preview Assets.xcassets in Resources */ = {isa = PBXBuildFile; fileRef = 66AA86822C2DE1DA00739536 /* Preview Assets.xcassets */; };
		66AA868B2C2DE22200739536 /* GameModel.swift in Sources */ = {isa = PBXBuildFile; fileRef = 66AA868A2C2DE22200739536 /* GameModel.swift */; };
		66AA868D2C2DE22E00739536 /* GameSimulator.swift in Sources */ = {isa = PBXBuildFile; fileRef = 66AA868C2C2DE22E00739536 /* GameSimulator.swift */; };
		66AA868F2C2DE24100739536 /* GameState.swift in Sources */ = {isa = PBXBuildFile; fileRef = 66AA868E2C2DE24100739536 /* GameState.swift */; };
		66AA86912C2DE24A00739536 /* Team.swift in Sources */ = {isa = PBXBuildFile; fileRef = 66AA86902C2DE24A00739536 /* Team.swift */; };
		66AA86942C2DE29200739536 /* ButtonStyles.swift in Sources */ = {isa = PBXBuildFile; fileRef = 66AA86932C2DE29200739536 /* ButtonStyles.swift */; };
		66AA86962C2DE29E00739536 /* Image+Ext.swift in Sources */ = {isa = PBXBuildFile; fileRef = 66AA86952C2DE29E00739536 /* Image+Ext.swift */; };
		66CF5CDC2C2F28C3009C3B5C /* GameAttributes.swift in Sources */ = {isa = PBXBuildFile; fileRef = 66CF5CDB2C2F28C3009C3B5C /* GameAttributes.swift */; };
		66CF5CDD2C2F28CE009C3B5C /* GameAttributes.swift in Sources */ = {isa = PBXBuildFile; fileRef = 66CF5CDB2C2F28C3009C3B5C /* GameAttributes.swift */; };
/* End PBXBuildFile section */

/* Begin PBXContainerItemProxy section */
		66649A9D2C2EFD940062058E /* PBXContainerItemProxy */ = {
			isa = PBXContainerItemProxy;
			containerPortal = 66AA86702C2DE1D900739536 /* Project object */;
			proxyType = 1;
			remoteGlobalIDString = 66649A8C2C2EFD930062058E;
			remoteInfo = MyGameWidgetExtension;
		};
/* End PBXContainerItemProxy section */

/* Begin PBXCopyFilesBuildPhase section */
		66649AA02C2EFD940062058E /* Embed Foundation Extensions */ = {
			isa = PBXCopyFilesBuildPhase;
			buildActionMask = 2147483647;
			dstPath = "";
			dstSubfolderSpec = 13;
			files = (
				66649A9F2C2EFD940062058E /* MyGameWidgetExtension.appex in Embed Foundation Extensions */,
			);
			name = "Embed Foundation Extensions";
			runOnlyForDeploymentPostprocessing = 0;
		};
/* End PBXCopyFilesBuildPhase section */

/* Begin PBXFileReference section */
		66649A8D2C2EFD930062058E /* MyGameWidgetExtension.appex */ = {isa = PBXFileReference; explicitFileType = "wrapper.app-extension"; includeInIndex = 0; path = MyGameWidgetExtension.appex; sourceTree = BUILT_PRODUCTS_DIR; };
		66649A8F2C2EFD930062058E /* WidgetKit.framework */ = {isa = PBXFileReference; lastKnownFileType = wrapper.framework; name = WidgetKit.framework; path = System/Library/Frameworks/WidgetKit.framework; sourceTree = SDKROOT; };
		66649A912C2EFD930062058E /* SwiftUI.framework */ = {isa = PBXFileReference; lastKnownFileType = wrapper.framework; name = SwiftUI.framework; path = System/Library/Frameworks/SwiftUI.framework; sourceTree = SDKROOT; };
		66649A942C2EFD930062058E /* MyGameWidgetBundle.swift */ = {isa = PBXFileReference; lastKnownFileType = sourcecode.swift; path = MyGameWidgetBundle.swift; sourceTree = "<group>"; };
		66649A962C2EFD930062058E /* MyGameLiveActivity.swift */ = {isa = PBXFileReference; lastKnownFileType = sourcecode.swift; path = MyGameLiveActivity.swift; sourceTree = "<group>"; };
		66649A982C2EFD930062058E /* MyGameWidget.swift */ = {isa = PBXFileReference; lastKnownFileType = sourcecode.swift; path = MyGameWidget.swift; sourceTree = "<group>"; };
		66649A9A2C2EFD940062058E /* Assets.xcassets */ = {isa = PBXFileReference; lastKnownFileType = folder.assetcatalog; path = Assets.xcassets; sourceTree = "<group>"; };
		66649A9C2C2EFD940062058E /* Info.plist */ = {isa = PBXFileReference; lastKnownFileType = text.plist.xml; path = Info.plist; sourceTree = "<group>"; };
		66649AA52C2F11DA0062058E /* LiveActivityView.swift */ = {isa = PBXFileReference; lastKnownFileType = sourcecode.swift; path = LiveActivityView.swift; sourceTree = "<group>"; };
		66AA86782C2DE1D900739536 /* MyBasketballSim.app */ = {isa = PBXFileReference; explicitFileType = wrapper.application; includeInIndex = 0; path = MyBasketballSim.app; sourceTree = BUILT_PRODUCTS_DIR; };
		66AA867B2C2DE1D900739536 /* MyBasketballSimApp.swift */ = {isa = PBXFileReference; lastKnownFileType = sourcecode.swift; path = MyBasketballSimApp.swift; sourceTree = "<group>"; };
		66AA867D2C2DE1D900739536 /* GameView.swift */ = {isa = PBXFileReference; lastKnownFileType = sourcecode.swift; path = GameView.swift; sourceTree = "<group>"; };
		66AA867F2C2DE1DA00739536 /* Assets.xcassets */ = {isa = PBXFileReference; lastKnownFileType = folder.assetcatalog; path = Assets.xcassets; sourceTree = "<group>"; };
		66AA86822C2DE1DA00739536 /* Preview Assets.xcassets */ = {isa = PBXFileReference; lastKnownFileType = folder.assetcatalog; path = "Preview Assets.xcassets"; sourceTree = "<group>"; };
		66AA868A2C2DE22200739536 /* GameModel.swift */ = {isa = PBXFileReference; lastKnownFileType = sourcecode.swift; path = GameModel.swift; sourceTree = "<group>"; };
		66AA868C2C2DE22E00739536 /* GameSimulator.swift */ = {isa = PBXFileReference; lastKnownFileType = sourcecode.swift; path = GameSimulator.swift; sourceTree = "<group>"; };
		66AA868E2C2DE24100739536 /* GameState.swift */ = {isa = PBXFileReference; lastKnownFileType = sourcecode.swift; path = GameState.swift; sourceTree = "<group>"; };
		66AA86902C2DE24A00739536 /* Team.swift */ = {isa = PBXFileReference; lastKnownFileType = sourcecode.swift; path = Team.swift; sourceTree = "<group>"; };
		66AA86932C2DE29200739536 /* ButtonStyles.swift */ = {isa = PBXFileReference; lastKnownFileType = sourcecode.swift; path = ButtonStyles.swift; sourceTree = "<group>"; };
		66AA86952C2DE29E00739536 /* Image+Ext.swift */ = {isa = PBXFileReference; lastKnownFileType = sourcecode.swift; path = "Image+Ext.swift"; sourceTree = "<group>"; };
		66CF5CDB2C2F28C3009C3B5C /* GameAttributes.swift */ = {isa = PBXFileReference; lastKnownFileType = sourcecode.swift; path = GameAttributes.swift; sourceTree = "<group>"; };
		66CF5CDE2C2F67A7009C3B5C /* Info.plist */ = {isa = PBXFileReference; lastKnownFileType = text.plist; path = Info.plist; sourceTree = "<group>"; };
/* End PBXFileReference section */

/* Begin PBXFrameworksBuildPhase section */
		66649A8A2C2EFD930062058E /* Frameworks */ = {
			isa = PBXFrameworksBuildPhase;
			buildActionMask = 2147483647;
			files = (
				66649A922C2EFD930062058E /* SwiftUI.framework in Frameworks */,
				66649A902C2EFD930062058E /* WidgetKit.framework in Frameworks */,
			);
			runOnlyForDeploymentPostprocessing = 0;
		};
		66AA86752C2DE1D900739536 /* Frameworks */ = {
			isa = PBXFrameworksBuildPhase;
			buildActionMask = 2147483647;
			files = (
			);
			runOnlyForDeploymentPostprocessing = 0;
		};
/* End PBXFrameworksBuildPhase section */

/* Begin PBXGroup section */
		66649A8E2C2EFD930062058E /* Frameworks */ = {
			isa = PBXGroup;
			children = (
				66649A8F2C2EFD930062058E /* WidgetKit.framework */,
				66649A912C2EFD930062058E /* SwiftUI.framework */,
			);
			name = Frameworks;
			sourceTree = "<group>";
		};
		66649A932C2EFD930062058E /* MyGameWidget */ = {
			isa = PBXGroup;
			children = (
				66649A942C2EFD930062058E /* MyGameWidgetBundle.swift */,
				66649A962C2EFD930062058E /* MyGameLiveActivity.swift */,
				66649AA72C2F11EA0062058E /* Widgets */,
				66649AA82C2F11F40062058E /* Live Activities */,
				66649A9A2C2EFD940062058E /* Assets.xcassets */,
				66649A9C2C2EFD940062058E /* Info.plist */,
			);
			path = MyGameWidget;
			sourceTree = "<group>";
		};
		66649AA72C2F11EA0062058E /* Widgets */ = {
			isa = PBXGroup;
			children = (
				66649A982C2EFD930062058E /* MyGameWidget.swift */,
			);
			path = Widgets;
			sourceTree = "<group>";
		};
		66649AA82C2F11F40062058E /* Live Activities */ = {
			isa = PBXGroup;
			children = (
				66649AA52C2F11DA0062058E /* LiveActivityView.swift */,
			);
			path = "Live Activities";
			sourceTree = "<group>";
		};
		66AA866F2C2DE1D900739536 = {
			isa = PBXGroup;
			children = (
				66AA867A2C2DE1D900739536 /* MyBasketballSim */,
				66649A932C2EFD930062058E /* MyGameWidget */,
				66649A8E2C2EFD930062058E /* Frameworks */,
				66AA86792C2DE1D900739536 /* Products */,
			);
			sourceTree = "<group>";
		};
		66AA86792C2DE1D900739536 /* Products */ = {
			isa = PBXGroup;
			children = (
				66AA86782C2DE1D900739536 /* MyBasketballSim.app */,
				66649A8D2C2EFD930062058E /* MyGameWidgetExtension.appex */,
			);
			name = Products;
			sourceTree = "<group>";
		};
		66AA867A2C2DE1D900739536 /* MyBasketballSim */ = {
			isa = PBXGroup;
			children = (
				66CF5CDE2C2F67A7009C3B5C /* Info.plist */,
				66AA867B2C2DE1D900739536 /* MyBasketballSimApp.swift */,
				66AA867D2C2DE1D900739536 /* GameView.swift */,
				66AA86892C2DE21400739536 /* Model */,
				66AA86922C2DE25300739536 /* Custom Views */,
				66AA867F2C2DE1DA00739536 /* Assets.xcassets */,
				66AA86812C2DE1DA00739536 /* Preview Content */,
			);
			path = MyBasketballSim;
			sourceTree = "<group>";
		};
		66AA86812C2DE1DA00739536 /* Preview Content */ = {
			isa = PBXGroup;
			children = (
				66AA86822C2DE1DA00739536 /* Preview Assets.xcassets */,
			);
			path = "Preview Content";
			sourceTree = "<group>";
		};
		66AA86892C2DE21400739536 /* Model */ = {
			isa = PBXGroup;
			children = (
				66AA868A2C2DE22200739536 /* GameModel.swift */,
				66AA868C2C2DE22E00739536 /* GameSimulator.swift */,
				66AA868E2C2DE24100739536 /* GameState.swift */,
				66AA86902C2DE24A00739536 /* Team.swift */,
				66CF5CDB2C2F28C3009C3B5C /* GameAttributes.swift */,
			);
			path = Model;
			sourceTree = "<group>";
		};
		66AA86922C2DE25300739536 /* Custom Views */ = {
			isa = PBXGroup;
			children = (
				66AA86932C2DE29200739536 /* ButtonStyles.swift */,
				66AA86952C2DE29E00739536 /* Image+Ext.swift */,
			);
			path = "Custom Views";
			sourceTree = "<group>";
		};
/* End PBXGroup section */

/* Begin PBXNativeTarget section */
		66649A8C2C2EFD930062058E /* MyGameWidgetExtension */ = {
			isa = PBXNativeTarget;
			buildConfigurationList = 66649AA32C2EFD940062058E /* Build configuration list for PBXNativeTarget "MyGameWidgetExtension" */;
			buildPhases = (
				66649A892C2EFD930062058E /* Sources */,
				66649A8A2C2EFD930062058E /* Frameworks */,
				66649A8B2C2EFD930062058E /* Resources */,
			);
			buildRules = (
			);
			dependencies = (
			);
			name = MyGameWidgetExtension;
			productName = MyGameWidgetExtension;
			productReference = 66649A8D2C2EFD930062058E /* MyGameWidgetExtension.appex */;
			productType = "com.apple.product-type.app-extension";
		};
		66AA86772C2DE1D900739536 /* MyBasketballSim */ = {
			isa = PBXNativeTarget;
			buildConfigurationList = 66AA86862C2DE1DA00739536 /* Build configuration list for PBXNativeTarget "MyBasketballSim" */;
			buildPhases = (
				66AA86742C2DE1D900739536 /* Sources */,
				66AA86752C2DE1D900739536 /* Frameworks */,
				66AA86762C2DE1D900739536 /* Resources */,
				66649AA02C2EFD940062058E /* Embed Foundation Extensions */,
			);
			buildRules = (
			);
			dependencies = (
				66649A9E2C2EFD940062058E /* PBXTargetDependency */,
			);
			name = MyBasketballSim;
			productName = MyBasketballSim;
			productReference = 66AA86782C2DE1D900739536 /* MyBasketballSim.app */;
			productType = "com.apple.product-type.application";
		};
/* End PBXNativeTarget section */

/* Begin PBXProject section */
		66AA86702C2DE1D900739536 /* Project object */ = {
			isa = PBXProject;
			attributes = {
				BuildIndependentTargetsInParallel = 1;
				LastSwiftUpdateCheck = 1540;
				LastUpgradeCheck = 1540;
				TargetAttributes = {
					66649A8C2C2EFD930062058E = {
						CreatedOnToolsVersion = 15.4;
					};
					66AA86772C2DE1D900739536 = {
						CreatedOnToolsVersion = 15.4;
					};
				};
			};
			buildConfigurationList = 66AA86732C2DE1D900739536 /* Build configuration list for PBXProject "MyBasketballSim" */;
			compatibilityVersion = "Xcode 14.0";
			developmentRegion = en;
			hasScannedForEncodings = 0;
			knownRegions = (
				en,
				Base,
			);
			mainGroup = 66AA866F2C2DE1D900739536;
			productRefGroup = 66AA86792C2DE1D900739536 /* Products */;
			projectDirPath = "";
			projectRoot = "";
			targets = (
				66AA86772C2DE1D900739536 /* MyBasketballSim */,
				66649A8C2C2EFD930062058E /* MyGameWidgetExtension */,
			);
		};
/* End PBXProject section */

/* Begin PBXResourcesBuildPhase section */
		66649A8B2C2EFD930062058E /* Resources */ = {
			isa = PBXResourcesBuildPhase;
			buildActionMask = 2147483647;
			files = (
				66649A9B2C2EFD940062058E /* Assets.xcassets in Resources */,
			);
			runOnlyForDeploymentPostprocessing = 0;
		};
		66AA86762C2DE1D900739536 /* Resources */ = {
			isa = PBXResourcesBuildPhase;
			buildActionMask = 2147483647;
			files = (
				66AA86832C2DE1DA00739536 /* Preview Assets.xcassets in Resources */,
				66AA86802C2DE1DA00739536 /* Assets.xcassets in Resources */,
			);
			runOnlyForDeploymentPostprocessing = 0;
		};
/* End PBXResourcesBuildPhase section */

/* Begin PBXSourcesBuildPhase section */
		66649A892C2EFD930062058E /* Sources */ = {
			isa = PBXSourcesBuildPhase;
			buildActionMask = 2147483647;
			files = (
				66649A992C2EFD930062058E /* MyGameWidget.swift in Sources */,
				66649AA42C2F0F420062058E /* GameState.swift in Sources */,
				66CF5CDD2C2F28CE009C3B5C /* GameAttributes.swift in Sources */,
				66649AA62C2F11DA0062058E /* LiveActivityView.swift in Sources */,
				66649A972C2EFD930062058E /* MyGameLiveActivity.swift in Sources */,
				66649A952C2EFD930062058E /* MyGameWidgetBundle.swift in Sources */,
				66649AA92C2F17E80062058E /* Image+Ext.swift in Sources */,
			);
			runOnlyForDeploymentPostprocessing = 0;
		};
		66AA86742C2DE1D900739536 /* Sources */ = {
			isa = PBXSourcesBuildPhase;
			buildActionMask = 2147483647;
			files = (
				66CF5CDC2C2F28C3009C3B5C /* GameAttributes.swift in Sources */,
				66AA86912C2DE24A00739536 /* Team.swift in Sources */,
				66AA86962C2DE29E00739536 /* Image+Ext.swift in Sources */,
				66AA868D2C2DE22E00739536 /* GameSimulator.swift in Sources */,
				66AA867E2C2DE1D900739536 /* GameView.swift in Sources */,
				66AA868F2C2DE24100739536 /* GameState.swift in Sources */,
				66AA86942C2DE29200739536 /* ButtonStyles.swift in Sources */,
				66AA867C2C2DE1D900739536 /* MyBasketballSimApp.swift in Sources */,
				66AA868B2C2DE22200739536 /* GameModel.swift in Sources */,
			);
			runOnlyForDeploymentPostprocessing = 0;
		};
/* End PBXSourcesBuildPhase section */

/* Begin PBXTargetDependency section */
		66649A9E2C2EFD940062058E /* PBXTargetDependency */ = {
			isa = PBXTargetDependency;
			target = 66649A8C2C2EFD930062058E /* MyGameWidgetExtension */;
			targetProxy = 66649A9D2C2EFD940062058E /* PBXContainerItemProxy */;
		};
/* End PBXTargetDependency section */

/* Begin XCBuildConfiguration section */
		66649AA12C2EFD940062058E /* Debug */ = {
			isa = XCBuildConfiguration;
			buildSettings = {
				ASSETCATALOG_COMPILER_GLOBAL_ACCENT_COLOR_NAME = AccentColor;
				ASSETCATALOG_COMPILER_WIDGET_BACKGROUND_COLOR_NAME = WidgetBackground;
				CODE_SIGN_STYLE = Automatic;
				CURRENT_PROJECT_VERSION = 1;
				DEVELOPMENT_TEAM = SVT2GB99S9;
				GENERATE_INFOPLIST_FILE = YES;
				INFOPLIST_FILE = MyGameWidget/Info.plist;
				INFOPLIST_KEY_CFBundleDisplayName = MyGameWidget;
				INFOPLIST_KEY_NSHumanReadableCopyright = "";
				LD_RUNPATH_SEARCH_PATHS = (
					"$(inherited)",
					"@executable_path/Frameworks",
					"@executable_path/../../Frameworks",
				);
				MARKETING_VERSION = 1.0;
				PRODUCT_BUNDLE_IDENTIFIER = com.tazmancoder.MyBasketballSim.MyGameWidget;
				PRODUCT_NAME = "$(TARGET_NAME)";
				SKIP_INSTALL = YES;
				SWIFT_EMIT_LOC_STRINGS = YES;
				SWIFT_VERSION = 5.0;
				TARGETED_DEVICE_FAMILY = "1,2";
			};
			name = Debug;
		};
		66649AA22C2EFD940062058E /* Release */ = {
			isa = XCBuildConfiguration;
			buildSettings = {
				ASSETCATALOG_COMPILER_GLOBAL_ACCENT_COLOR_NAME = AccentColor;
				ASSETCATALOG_COMPILER_WIDGET_BACKGROUND_COLOR_NAME = WidgetBackground;
				CODE_SIGN_STYLE = Automatic;
				CURRENT_PROJECT_VERSION = 1;
				DEVELOPMENT_TEAM = SVT2GB99S9;
				GENERATE_INFOPLIST_FILE = YES;
				INFOPLIST_FILE = MyGameWidget/Info.plist;
				INFOPLIST_KEY_CFBundleDisplayName = MyGameWidget;
				INFOPLIST_KEY_NSHumanReadableCopyright = "";
				LD_RUNPATH_SEARCH_PATHS = (
					"$(inherited)",
					"@executable_path/Frameworks",
					"@executable_path/../../Frameworks",
				);
				MARKETING_VERSION = 1.0;
				PRODUCT_BUNDLE_IDENTIFIER = com.tazmancoder.MyBasketballSim.MyGameWidget;
				PRODUCT_NAME = "$(TARGET_NAME)";
				SKIP_INSTALL = YES;
				SWIFT_EMIT_LOC_STRINGS = YES;
				SWIFT_VERSION = 5.0;
				TARGETED_DEVICE_FAMILY = "1,2";
			};
			name = Release;
		};
		66AA86842C2DE1DA00739536 /* Debug */ = {
			isa = XCBuildConfiguration;
			buildSettings = {
				ALWAYS_SEARCH_USER_PATHS = NO;
				ASSETCATALOG_COMPILER_GENERATE_SWIFT_ASSET_SYMBOL_EXTENSIONS = YES;
				CLANG_ANALYZER_NONNULL = YES;
				CLANG_ANALYZER_NUMBER_OBJECT_CONVERSION = YES_AGGRESSIVE;
				CLANG_CXX_LANGUAGE_STANDARD = "gnu++20";
				CLANG_ENABLE_MODULES = YES;
				CLANG_ENABLE_OBJC_ARC = YES;
				CLANG_ENABLE_OBJC_WEAK = YES;
				CLANG_WARN_BLOCK_CAPTURE_AUTORELEASING = YES;
				CLANG_WARN_BOOL_CONVERSION = YES;
				CLANG_WARN_COMMA = YES;
				CLANG_WARN_CONSTANT_CONVERSION = YES;
				CLANG_WARN_DEPRECATED_OBJC_IMPLEMENTATIONS = YES;
				CLANG_WARN_DIRECT_OBJC_ISA_USAGE = YES_ERROR;
				CLANG_WARN_DOCUMENTATION_COMMENTS = YES;
				CLANG_WARN_EMPTY_BODY = YES;
				CLANG_WARN_ENUM_CONVERSION = YES;
				CLANG_WARN_INFINITE_RECURSION = YES;
				CLANG_WARN_INT_CONVERSION = YES;
				CLANG_WARN_NON_LITERAL_NULL_CONVERSION = YES;
				CLANG_WARN_OBJC_IMPLICIT_RETAIN_SELF = YES;
				CLANG_WARN_OBJC_LITERAL_CONVERSION = YES;
				CLANG_WARN_OBJC_ROOT_CLASS = YES_ERROR;
				CLANG_WARN_QUOTED_INCLUDE_IN_FRAMEWORK_HEADER = YES;
				CLANG_WARN_RANGE_LOOP_ANALYSIS = YES;
				CLANG_WARN_STRICT_PROTOTYPES = YES;
				CLANG_WARN_SUSPICIOUS_MOVE = YES;
				CLANG_WARN_UNGUARDED_AVAILABILITY = YES_AGGRESSIVE;
				CLANG_WARN_UNREACHABLE_CODE = YES;
				CLANG_WARN__DUPLICATE_METHOD_MATCH = YES;
				COPY_PHASE_STRIP = NO;
				DEBUG_INFORMATION_FORMAT = dwarf;
				ENABLE_STRICT_OBJC_MSGSEND = YES;
				ENABLE_TESTABILITY = YES;
				ENABLE_USER_SCRIPT_SANDBOXING = YES;
				GCC_C_LANGUAGE_STANDARD = gnu17;
				GCC_DYNAMIC_NO_PIC = NO;
				GCC_NO_COMMON_BLOCKS = YES;
				GCC_OPTIMIZATION_LEVEL = 0;
				GCC_PREPROCESSOR_DEFINITIONS = (
					"DEBUG=1",
					"$(inherited)",
				);
				GCC_WARN_64_TO_32_BIT_CONVERSION = YES;
				GCC_WARN_ABOUT_RETURN_TYPE = YES_ERROR;
				GCC_WARN_UNDECLARED_SELECTOR = YES;
				GCC_WARN_UNINITIALIZED_AUTOS = YES_AGGRESSIVE;
				GCC_WARN_UNUSED_FUNCTION = YES;
				GCC_WARN_UNUSED_VARIABLE = YES;
				IPHONEOS_DEPLOYMENT_TARGET = 17.5;
				LOCALIZATION_PREFERS_STRING_CATALOGS = YES;
				MTL_ENABLE_DEBUG_INFO = INCLUDE_SOURCE;
				MTL_FAST_MATH = YES;
				ONLY_ACTIVE_ARCH = YES;
				SDKROOT = iphoneos;
				SWIFT_ACTIVE_COMPILATION_CONDITIONS = "DEBUG $(inherited)";
				SWIFT_OPTIMIZATION_LEVEL = "-Onone";
			};
			name = Debug;
		};
		66AA86852C2DE1DA00739536 /* Release */ = {
			isa = XCBuildConfiguration;
			buildSettings = {
				ALWAYS_SEARCH_USER_PATHS = NO;
				ASSETCATALOG_COMPILER_GENERATE_SWIFT_ASSET_SYMBOL_EXTENSIONS = YES;
				CLANG_ANALYZER_NONNULL = YES;
				CLANG_ANALYZER_NUMBER_OBJECT_CONVERSION = YES_AGGRESSIVE;
				CLANG_CXX_LANGUAGE_STANDARD = "gnu++20";
				CLANG_ENABLE_MODULES = YES;
				CLANG_ENABLE_OBJC_ARC = YES;
				CLANG_ENABLE_OBJC_WEAK = YES;
				CLANG_WARN_BLOCK_CAPTURE_AUTORELEASING = YES;
				CLANG_WARN_BOOL_CONVERSION = YES;
				CLANG_WARN_COMMA = YES;
				CLANG_WARN_CONSTANT_CONVERSION = YES;
				CLANG_WARN_DEPRECATED_OBJC_IMPLEMENTATIONS = YES;
				CLANG_WARN_DIRECT_OBJC_ISA_USAGE = YES_ERROR;
				CLANG_WARN_DOCUMENTATION_COMMENTS = YES;
				CLANG_WARN_EMPTY_BODY = YES;
				CLANG_WARN_ENUM_CONVERSION = YES;
				CLANG_WARN_INFINITE_RECURSION = YES;
				CLANG_WARN_INT_CONVERSION = YES;
				CLANG_WARN_NON_LITERAL_NULL_CONVERSION = YES;
				CLANG_WARN_OBJC_IMPLICIT_RETAIN_SELF = YES;
				CLANG_WARN_OBJC_LITERAL_CONVERSION = YES;
				CLANG_WARN_OBJC_ROOT_CLASS = YES_ERROR;
				CLANG_WARN_QUOTED_INCLUDE_IN_FRAMEWORK_HEADER = YES;
				CLANG_WARN_RANGE_LOOP_ANALYSIS = YES;
				CLANG_WARN_STRICT_PROTOTYPES = YES;
				CLANG_WARN_SUSPICIOUS_MOVE = YES;
				CLANG_WARN_UNGUARDED_AVAILABILITY = YES_AGGRESSIVE;
				CLANG_WARN_UNREACHABLE_CODE = YES;
				CLANG_WARN__DUPLICATE_METHOD_MATCH = YES;
				COPY_PHASE_STRIP = NO;
				DEBUG_INFORMATION_FORMAT = "dwarf-with-dsym";
				ENABLE_NS_ASSERTIONS = NO;
				ENABLE_STRICT_OBJC_MSGSEND = YES;
				ENABLE_USER_SCRIPT_SANDBOXING = YES;
				GCC_C_LANGUAGE_STANDARD = gnu17;
				GCC_NO_COMMON_BLOCKS = YES;
				GCC_WARN_64_TO_32_BIT_CONVERSION = YES;
				GCC_WARN_ABOUT_RETURN_TYPE = YES_ERROR;
				GCC_WARN_UNDECLARED_SELECTOR = YES;
				GCC_WARN_UNINITIALIZED_AUTOS = YES_AGGRESSIVE;
				GCC_WARN_UNUSED_FUNCTION = YES;
				GCC_WARN_UNUSED_VARIABLE = YES;
				IPHONEOS_DEPLOYMENT_TARGET = 17.5;
				LOCALIZATION_PREFERS_STRING_CATALOGS = YES;
				MTL_ENABLE_DEBUG_INFO = NO;
				MTL_FAST_MATH = YES;
				SDKROOT = iphoneos;
				SWIFT_COMPILATION_MODE = wholemodule;
				VALIDATE_PRODUCT = YES;
			};
			name = Release;
		};
		66AA86872C2DE1DA00739536 /* Debug */ = {
			isa = XCBuildConfiguration;
			buildSettings = {
				ALWAYS_EMBED_SWIFT_STANDARD_LIBRARIES = YES;
				ASSETCATALOG_COMPILER_APPICON_NAME = AppIcon;
				ASSETCATALOG_COMPILER_GLOBAL_ACCENT_COLOR_NAME = AccentColor;
				CODE_SIGN_STYLE = Automatic;
				CURRENT_PROJECT_VERSION = 1;
				DEVELOPMENT_ASSET_PATHS = "\"MyBasketballSim/Preview Content\"";
				DEVELOPMENT_TEAM = SVT2GB99S9;
				ENABLE_PREVIEWS = YES;
				GENERATE_INFOPLIST_FILE = YES;
				INFOPLIST_FILE = MyBasketballSim/Info.plist;
				INFOPLIST_KEY_NSSupportsLiveActivities = YES;
				INFOPLIST_KEY_UIApplicationSceneManifest_Generation = YES;
				INFOPLIST_KEY_UIApplicationSupportsIndirectInputEvents = YES;
				INFOPLIST_KEY_UILaunchScreen_Generation = YES;
				INFOPLIST_KEY_UISupportedInterfaceOrientations_iPad = "UIInterfaceOrientationPortrait UIInterfaceOrientationPortraitUpsideDown UIInterfaceOrientationLandscapeLeft UIInterfaceOrientationLandscapeRight";
				INFOPLIST_KEY_UISupportedInterfaceOrientations_iPhone = "UIInterfaceOrientationPortrait UIInterfaceOrientationLandscapeLeft UIInterfaceOrientationLandscapeRight";
				LD_RUNPATH_SEARCH_PATHS = (
					"$(inherited)",
					"@executable_path/Frameworks",
				);
				MARKETING_VERSION = 1.0;
				PRODUCT_BUNDLE_IDENTIFIER = com.tazmancoder.MyBasketballSim;
				PRODUCT_NAME = "$(TARGET_NAME)";
				SWIFT_EMIT_LOC_STRINGS = YES;
				SWIFT_VERSION = 5.0;
				TARGETED_DEVICE_FAMILY = "1,2";
			};
			name = Debug;
		};
		66AA86882C2DE1DA00739536 /* Release */ = {
			isa = XCBuildConfiguration;
			buildSettings = {
				ALWAYS_EMBED_SWIFT_STANDARD_LIBRARIES = YES;
				ASSETCATALOG_COMPILER_APPICON_NAME = AppIcon;
				ASSETCATALOG_COMPILER_GLOBAL_ACCENT_COLOR_NAME = AccentColor;
				CODE_SIGN_STYLE = Automatic;
				CURRENT_PROJECT_VERSION = 1;
				DEVELOPMENT_ASSET_PATHS = "\"MyBasketballSim/Preview Content\"";
				DEVELOPMENT_TEAM = SVT2GB99S9;
				ENABLE_PREVIEWS = YES;
				GENERATE_INFOPLIST_FILE = YES;
				INFOPLIST_FILE = MyBasketballSim/Info.plist;
				INFOPLIST_KEY_NSSupportsLiveActivities = YES;
				INFOPLIST_KEY_UIApplicationSceneManifest_Generation = YES;
				INFOPLIST_KEY_UIApplicationSupportsIndirectInputEvents = YES;
				INFOPLIST_KEY_UILaunchScreen_Generation = YES;
				INFOPLIST_KEY_UISupportedInterfaceOrientations_iPad = "UIInterfaceOrientationPortrait UIInterfaceOrientationPortraitUpsideDown UIInterfaceOrientationLandscapeLeft UIInterfaceOrientationLandscapeRight";
				INFOPLIST_KEY_UISupportedInterfaceOrientations_iPhone = "UIInterfaceOrientationPortrait UIInterfaceOrientationLandscapeLeft UIInterfaceOrientationLandscapeRight";
				LD_RUNPATH_SEARCH_PATHS = (
					"$(inherited)",
					"@executable_path/Frameworks",
				);
				MARKETING_VERSION = 1.0;
				PRODUCT_BUNDLE_IDENTIFIER = com.tazmancoder.MyBasketballSim;
				PRODUCT_NAME = "$(TARGET_NAME)";
				SWIFT_EMIT_LOC_STRINGS = YES;
				SWIFT_VERSION = 5.0;
				TARGETED_DEVICE_FAMILY = "1,2";
			};
			name = Release;
		};
/* End XCBuildConfiguration section */

/* Begin XCConfigurationList section */
		66649AA32C2EFD940062058E /* Build configuration list for PBXNativeTarget "MyGameWidgetExtension" */ = {
			isa = XCConfigurationList;
			buildConfigurations = (
				66649AA12C2EFD940062058E /* Debug */,
				66649AA22C2EFD940062058E /* Release */,
			);
			defaultConfigurationIsVisible = 0;
			defaultConfigurationName = Release;
		};
		66AA86732C2DE1D900739536 /* Build configuration list for PBXProject "MyBasketballSim" */ = {
			isa = XCConfigurationList;
			buildConfigurations = (
				66AA86842C2DE1DA00739536 /* Debug */,
				66AA86852C2DE1DA00739536 /* Release */,
			);
			defaultConfigurationIsVisible = 0;
			defaultConfigurationName = Release;
		};
		66AA86862C2DE1DA00739536 /* Build configuration list for PBXNativeTarget "MyBasketballSim" */ = {
			isa = XCConfigurationList;
			buildConfigurations = (
				66AA86872C2DE1DA00739536 /* Debug */,
				66AA86882C2DE1DA00739536 /* Release */,
			);
			defaultConfigurationIsVisible = 0;
			defaultConfigurationName = Release;
		};
/* End XCConfigurationList section */
	};
	rootObject = 66AA86702C2DE1D900739536 /* Project object */;
}
